# This file was autogenerated by Stack.
# You should not edit this file by hand.
# For more information, please see the documentation at:
#   https://docs.haskellstack.org/en/stable/lock_files

packages:
- completed:
    hackage: sbv-8.5@sha256:62217ddd7a29e14e75286cba4b406187f37df63fd48f356a6639e3f9c82a18c0,19781
    pantry-tree:
      size: 54393
      sha256: c80e3c0b08211b163b5b540e9356ffc77f3e69a4e7b08e3c6b21cb3bfe22ebbe
  original:
    hackage: sbv-8.5@sha256:62217ddd7a29e14e75286cba4b406187f37df63fd48f356a6639e3f9c82a18c0,19781
- completed:
    hackage: unamb-0.2.7@sha256:ce5db0575bca8ca04c9e9dce3ba75b6f9e5ceea834c6ba4fae45aca6fa963334,2385
    pantry-tree:
      size: 217
      sha256: c3c4ac7408c2999b6779714459d2433ff2495f90161d7c3ca349ca3aa6386be8
  original:
    hackage: unamb-0.2.7@sha256:ce5db0575bca8ca04c9e9dce3ba75b6f9e5ceea834c6ba4fae45aca6fa963334,2385
snapshots:
- completed:
    size: 500539
    url: https://raw.githubusercontent.com/commercialhaskell/stackage-snapshots/master/lts/13/27.yaml
    sha256: 690db832392afe55733b4c7023fd29b1b1c660ee42f1fb505b86b07394ca994e
  original: lts-13.27
